
Microsoft Visual Studio Solution File, Format Version 12.00
# Visual Studio 15
VisualStudioVersion = 15.0.26730.3
MinimumVisualStudioVersion = 10.0.40219.1
Project("{9A19103F-16F7-4668-BE54-9A1E7A4F7556}") = "INITool", "INITool\INITool.csproj", "{27E9C372-1210-4436-B731-A49F396CFD78}"
EndProject
Project("{9A19103F-16F7-4668-BE54-9A1E7A4F7556}") = "INITool.Tests", "INITool.Tests\INITool.Tests.csproj", "{2765DE16-8CB5-4604-8A1A-F122CFAD56FC}"
EndProject
Project("{2150E333-8FDC-42A3-9474-1A3956D46DE8}") = "Solution Items", "Solution Items", "{9ED62F53-5185-4169-8D40-5EC8F0FBEC90}"
	ProjectSection(SolutionItems) = preProject
		README.md = README.md
		sample.ini = sample.ini
	EndProjectSection
EndProject
Global
	GlobalSection(SolutionConfigurationPlatforms) = preSolution
		Debug|Any CPU = Debug|Any CPU
		Release|Any CPU = Release|Any CPU
	EndGlobalSection
	GlobalSection(ProjectConfigurationPlatforms) = postSolution
		{27E9C372-1210-4436-B731-A49F396CFD78}.Debug|Any CPU.ActiveCfg = Debug|Any CPU
		{27E9C372-1210-4436-B731-A49F396CFD78}.Debug|Any CPU.Build.0 = Debug|Any CPU
		{27E9C372-1210-4436-B731-A49F396CFD78}.Release|Any CPU.ActiveCfg = Release|Any CPU
		{27E9C372-1210-4436-B731-A49F396CFD78}.Release|Any CPU.Build.0 = Release|Any CPU
		{2765DE16-8CB5-4604-8A1A-F122CFAD56FC}.Debug|Any CPU.ActiveCfg = Debug|Any CPU
		{2765DE16-8CB5-4604-8A1A-F122CFAD56FC}.Debug|Any CPU.Build.0 = Debug|Any CPU
		{2765DE16-8CB5-4604-8A1A-F122CFAD56FC}.Release|Any CPU.ActiveCfg = Release|Any CPU
		{2765DE16-8CB5-4604-8A1A-F122CFAD56FC}.Release|Any CPU.Build.0 = Release|Any CPU
	EndGlobalSection
	GlobalSection(SolutionProperties) = preSolution
		HideSolutionNode = FALSE
	EndGlobalSection
	GlobalSection(ExtensibilityGlobals) = postSolution
		SolutionGuid = {7E6D4F7D-529A-4B7E-90AD-9B654B0E7B82}
	EndGlobalSection
EndGlobal
